
Microsoft Visual Studio Solution File, Format Version 12.00
# Visual Studio Version 16
VisualStudioVersion = 16.0.29920.165
MinimumVisualStudioVersion = 10.0.40219.1
Project("{FAE04EC0-301F-11D3-BF4B-00C04F79EFBC}") = "dieren", "dieren\dieren.csproj", "{FF748C39-C6B1-40BC-89F2-42E9735C68AD}"
EndProject
Global
	GlobalSection(SolutionConfigurationPlatforms) = preSolution
		Debug|Any CPU = Debug|Any CPU
		Release|Any CPU = Release|Any CPU
	EndGlobalSection
	GlobalSection(ProjectConfigurationPlatforms) = postSolution
		{FF748C39-C6B1-40BC-89F2-42E9735C68AD}.Debug|Any CPU.ActiveCfg = Debug|Any CPU
		{FF748C39-C6B1-40BC-89F2-42E9735C68AD}.Debug|Any CPU.Build.0 = Debug|Any CPU
		{FF748C39-C6B1-40BC-89F2-42E9735C68AD}.Release|Any CPU.ActiveCfg = Release|Any CPU
		{FF748C39-C6B1-40BC-89F2-42E9735C68AD}.Release|Any CPU.Build.0 = Release|Any CPU
	EndGlobalSection
	GlobalSection(SolutionProperties) = preSolution
		HideSolutionNode = FALSE
	EndGlobalSection
	GlobalSection(ExtensibilityGlobals) = postSolution
		SolutionGuid = {9345A66A-7C69-464E-BC26-81CD153EB510}
	EndGlobalSection
EndGlobal
